// !$*UTF8*$!
{
	archiveVersion = 1;
	classes = {
	};
	objectVersion = 50;
	objects = {

/* Begin PBXBuildFile section */
		9F87EB2D24E5A4A000938F4A /* AppDelegate.m in Sources */ = {isa = PBXBuildFile; fileRef = 9F87EB2C24E5A4A000938F4A /* AppDelegate.m */; };
		9F87EB3024E5A4A000938F4A /* SceneDelegate.m in Sources */ = {isa = PBXBuildFile; fileRef = 9F87EB2F24E5A4A000938F4A /* SceneDelegate.m */; };
		9F87EB3624E5A4A000938F4A /* Main.storyboard in Resources */ = {isa = PBXBuildFile; fileRef = 9F87EB3424E5A4A000938F4A /* Main.storyboard */; };
		9F87EB3824E5A4A100938F4A /* Assets.xcassets in Resources */ = {isa = PBXBuildFile; fileRef = 9F87EB3724E5A4A100938F4A /* Assets.xcassets */; };
		9F87EB3B24E5A4A100938F4A /* LaunchScreen.storyboard in Resources */ = {isa = PBXBuildFile; fileRef = 9F87EB3924E5A4A100938F4A /* LaunchScreen.storyboard */; };
		9F87EB3E24E5A4A100938F4A /* main.m in Sources */ = {isa = PBXBuildFile; fileRef = 9F87EB3D24E5A4A100938F4A /* main.m */; };
		9F87EB4F24E5A61B00938F4A /* TRCPerson.m in Sources */ = {isa = PBXBuildFile; fileRef = 9F87EB4E24E5A61B00938F4A /* TRCPerson.m */; };
		9F87EB5224E5AA6B00938F4A /* TRCPersonController.m in Sources */ = {isa = PBXBuildFile; fileRef = 9F87EB5124E5AA6B00938F4A /* TRCPersonController.m */; };
		9F87EB5524E5B4D400938F4A /* TRCTableViewController.swift in Sources */ = {isa = PBXBuildFile; fileRef = 9F87EB5424E5B4D400938F4A /* TRCTableViewController.swift */; };
		9F87EB5724E5B87600938F4A /* TRCPersonDetailViewController.swift in Sources */ = {isa = PBXBuildFile; fileRef = 9F87EB5624E5B87600938F4A /* TRCPersonDetailViewController.swift */; };
/* End PBXBuildFile section */

/* Begin PBXFileReference section */
		9F87EB2824E5A4A000938F4A /* SwapiOBJC35.app */ = {isa = PBXFileReference; explicitFileType = wrapper.application; includeInIndex = 0; path = SwapiOBJC35.app; sourceTree = BUILT_PRODUCTS_DIR; };
		9F87EB2B24E5A4A000938F4A /* AppDelegate.h */ = {isa = PBXFileReference; lastKnownFileType = sourcecode.c.h; path = AppDelegate.h; sourceTree = "<group>"; };
		9F87EB2C24E5A4A000938F4A /* AppDelegate.m */ = {isa = PBXFileReference; lastKnownFileType = sourcecode.c.objc; path = AppDelegate.m; sourceTree = "<group>"; };
		9F87EB2E24E5A4A000938F4A /* SceneDelegate.h */ = {isa = PBXFileReference; lastKnownFileType = sourcecode.c.h; path = SceneDelegate.h; sourceTree = "<group>"; };
		9F87EB2F24E5A4A000938F4A /* SceneDelegate.m */ = {isa = PBXFileReference; lastKnownFileType = sourcecode.c.objc; path = SceneDelegate.m; sourceTree = "<group>"; };
		9F87EB3524E5A4A000938F4A /* Base */ = {isa = PBXFileReference; lastKnownFileType = file.storyboard; name = Base; path = Base.lproj/Main.storyboard; sourceTree = "<group>"; };
		9F87EB3724E5A4A100938F4A /* Assets.xcassets */ = {isa = PBXFileReference; lastKnownFileType = folder.assetcatalog; path = Assets.xcassets; sourceTree = "<group>"; };
		9F87EB3A24E5A4A100938F4A /* Base */ = {isa = PBXFileReference; lastKnownFileType = file.storyboard; name = Base; path = Base.lproj/LaunchScreen.storyboard; sourceTree = "<group>"; };
		9F87EB3C24E5A4A100938F4A /* Info.plist */ = {isa = PBXFileReference; lastKnownFileType = text.plist.xml; path = Info.plist; sourceTree = "<group>"; };
		9F87EB3D24E5A4A100938F4A /* main.m */ = {isa = PBXFileReference; lastKnownFileType = sourcecode.c.objc; path = main.m; sourceTree = "<group>"; };
		9F87EB4D24E5A61B00938F4A /* TRCPerson.h */ = {isa = PBXFileReference; lastKnownFileType = sourcecode.c.h; path = TRCPerson.h; sourceTree = "<group>"; };
		9F87EB4E24E5A61B00938F4A /* TRCPerson.m */ = {isa = PBXFileReference; lastKnownFileType = sourcecode.c.objc; path = TRCPerson.m; sourceTree = "<group>"; };
		9F87EB5024E5AA6B00938F4A /* TRCPersonController.h */ = {isa = PBXFileReference; lastKnownFileType = sourcecode.c.h; path = TRCPersonController.h; sourceTree = "<group>"; };
		9F87EB5124E5AA6B00938F4A /* TRCPersonController.m */ = {isa = PBXFileReference; lastKnownFileType = sourcecode.c.objc; path = TRCPersonController.m; sourceTree = "<group>"; };
		9F87EB5324E5B4D300938F4A /* SwapiOBJC35-Bridging-Header.h */ = {isa = PBXFileReference; lastKnownFileType = sourcecode.c.h; path = "SwapiOBJC35-Bridging-Header.h"; sourceTree = "<group>"; };
		9F87EB5424E5B4D400938F4A /* TRCTableViewController.swift */ = {isa = PBXFileReference; lastKnownFileType = sourcecode.swift; path = TRCTableViewController.swift; sourceTree = "<group>"; };
		9F87EB5624E5B87600938F4A /* TRCPersonDetailViewController.swift */ = {isa = PBXFileReference; lastKnownFileType = sourcecode.swift; path = TRCPersonDetailViewController.swift; sourceTree = "<group>"; };
/* End PBXFileReference section */

/* Begin PBXFrameworksBuildPhase section */
		9F87EB2524E5A4A000938F4A /* Frameworks */ = {
			isa = PBXFrameworksBuildPhase;
			buildActionMask = 2147483647;
			files = (
			);
			runOnlyForDeploymentPostprocessing = 0;
		};
/* End PBXFrameworksBuildPhase section */

/* Begin PBXGroup section */
		9F87EB1F24E5A4A000938F4A = {
			isa = PBXGroup;
			children = (
				9F87EB2A24E5A4A000938F4A /* SwapiOBJC35 */,
				9F87EB2924E5A4A000938F4A /* Products */,
			);
			sourceTree = "<group>";
		};
		9F87EB2924E5A4A000938F4A /* Products */ = {
			isa = PBXGroup;
			children = (
				9F87EB2824E5A4A000938F4A /* SwapiOBJC35.app */,
			);
			name = Products;
			sourceTree = "<group>";
		};
		9F87EB2A24E5A4A000938F4A /* SwapiOBJC35 */ = {
			isa = PBXGroup;
			children = (
				9F87EB4824E5A4EA00938F4A /* Models */,
				9F87EB4724E5A4E700938F4A /* Controllers */,
				9F87EB4624E5A4E400938F4A /* Views */,
				9F87EB4524E5A4E100938F4A /* Helpers */,
				9F87EB4424E5A4AE00938F4A /* Resources */,
			);
			path = SwapiOBJC35;
			sourceTree = "<group>";
		};
		9F87EB4424E5A4AE00938F4A /* Resources */ = {
			isa = PBXGroup;
			children = (
				9F87EB2B24E5A4A000938F4A /* AppDelegate.h */,
				9F87EB2C24E5A4A000938F4A /* AppDelegate.m */,
				9F87EB2E24E5A4A000938F4A /* SceneDelegate.h */,
				9F87EB2F24E5A4A000938F4A /* SceneDelegate.m */,
				9F87EB3724E5A4A100938F4A /* Assets.xcassets */,
				9F87EB3924E5A4A100938F4A /* LaunchScreen.storyboard */,
				9F87EB3C24E5A4A100938F4A /* Info.plist */,
				9F87EB3D24E5A4A100938F4A /* main.m */,
			);
			path = Resources;
			sourceTree = "<group>";
		};
		9F87EB4524E5A4E100938F4A /* Helpers */ = {
			isa = PBXGroup;
			children = (
			);
			path = Helpers;
			sourceTree = "<group>";
		};
		9F87EB4624E5A4E400938F4A /* Views */ = {
			isa = PBXGroup;
			children = (
				9F87EB4C24E5A52700938F4A /* Storyboards */,
			);
			path = Views;
			sourceTree = "<group>";
		};
		9F87EB4724E5A4E700938F4A /* Controllers */ = {
			isa = PBXGroup;
			children = (
				9F87EB4A24E5A50F00938F4A /* ModelControllers */,
				9F87EB4924E5A50D00938F4A /* ViewControllers */,
			);
			path = Controllers;
			sourceTree = "<group>";
		};
		9F87EB4824E5A4EA00938F4A /* Models */ = {
			isa = PBXGroup;
			children = (
				9F87EB4D24E5A61B00938F4A /* TRCPerson.h */,
				9F87EB4E24E5A61B00938F4A /* TRCPerson.m */,
			);
			path = Models;
			sourceTree = "<group>";
		};
		9F87EB4924E5A50D00938F4A /* ViewControllers */ = {
			isa = PBXGroup;
			children = (
				9F87EB5424E5B4D400938F4A /* TRCTableViewController.swift */,
				9F87EB5624E5B87600938F4A /* TRCPersonDetailViewController.swift */,
				9F87EB5324E5B4D300938F4A /* SwapiOBJC35-Bridging-Header.h */,
			);
			path = ViewControllers;
			sourceTree = "<group>";
		};
		9F87EB4A24E5A50F00938F4A /* ModelControllers */ = {
			isa = PBXGroup;
			children = (
				9F87EB5024E5AA6B00938F4A /* TRCPersonController.h */,
				9F87EB5124E5AA6B00938F4A /* TRCPersonController.m */,
			);
			path = ModelControllers;
			sourceTree = "<group>";
		};
		9F87EB4C24E5A52700938F4A /* Storyboards */ = {
			isa = PBXGroup;
			children = (
				9F87EB3424E5A4A000938F4A /* Main.storyboard */,
			);
			path = Storyboards;
			sourceTree = "<group>";
		};
/* End PBXGroup section */

/* Begin PBXNativeTarget section */
		9F87EB2724E5A4A000938F4A /* SwapiOBJC35 */ = {
			isa = PBXNativeTarget;
			buildConfigurationList = 9F87EB4124E5A4A100938F4A /* Build configuration list for PBXNativeTarget "SwapiOBJC35" */;
			buildPhases = (
				9F87EB2424E5A4A000938F4A /* Sources */,
				9F87EB2524E5A4A000938F4A /* Frameworks */,
				9F87EB2624E5A4A000938F4A /* Resources */,
			);
			buildRules = (
			);
			dependencies = (
			);
			name = SwapiOBJC35;
			productName = SwapiOBJC35;
			productReference = 9F87EB2824E5A4A000938F4A /* SwapiOBJC35.app */;
			productType = "com.apple.product-type.application";
		};
/* End PBXNativeTarget section */

/* Begin PBXProject section */
		9F87EB2024E5A4A000938F4A /* Project object */ = {
			isa = PBXProject;
			attributes = {
				CLASSPREFIX = TRC;
				LastUpgradeCheck = 1160;
				ORGANIZATIONNAME = "Todd Crandall";
				TargetAttributes = {
					9F87EB2724E5A4A000938F4A = {
						CreatedOnToolsVersion = 11.6;
						LastSwiftMigration = 1160;
					};
				};
			};
			buildConfigurationList = 9F87EB2324E5A4A000938F4A /* Build configuration list for PBXProject "SwapiOBJC35" */;
			compatibilityVersion = "Xcode 9.3";
			developmentRegion = en;
			hasScannedForEncodings = 0;
			knownRegions = (
				en,
				Base,
			);
			mainGroup = 9F87EB1F24E5A4A000938F4A;
			productRefGroup = 9F87EB2924E5A4A000938F4A /* Products */;
			projectDirPath = "";
			projectRoot = "";
			targets = (
				9F87EB2724E5A4A000938F4A /* SwapiOBJC35 */,
			);
		};
/* End PBXProject section */

/* Begin PBXResourcesBuildPhase section */
		9F87EB2624E5A4A000938F4A /* Resources */ = {
			isa = PBXResourcesBuildPhase;
			buildActionMask = 2147483647;
			files = (
				9F87EB3B24E5A4A100938F4A /* LaunchScreen.storyboard in Resources */,
				9F87EB3824E5A4A100938F4A /* Assets.xcassets in Resources */,
				9F87EB3624E5A4A000938F4A /* Main.storyboard in Resources */,
			);
			runOnlyForDeploymentPostprocessing = 0;
		};
/* End PBXResourcesBuildPhase section */

/* Begin PBXSourcesBuildPhase section */
		9F87EB2424E5A4A000938F4A /* Sources */ = {
			isa = PBXSourcesBuildPhase;
			buildActionMask = 2147483647;
			files = (
				9F87EB2D24E5A4A000938F4A /* AppDelegate.m in Sources */,
				9F87EB5524E5B4D400938F4A /* TRCTableViewController.swift in Sources */,
				9F87EB3E24E5A4A100938F4A /* main.m in Sources */,
				9F87EB4F24E5A61B00938F4A /* TRCPerson.m in Sources */,
				9F87EB5224E5AA6B00938F4A /* TRCPersonController.m in Sources */,
				9F87EB5724E5B87600938F4A /* TRCPersonDetailViewController.swift in Sources */,
				9F87EB3024E5A4A000938F4A /* SceneDelegate.m in Sources */,
			);
			runOnlyForDeploymentPostprocessing = 0;
		};
/* End PBXSourcesBuildPhase section */

/* Begin PBXVariantGroup section */
		9F87EB3424E5A4A000938F4A /* Main.storyboard */ = {
			isa = PBXVariantGroup;
			children = (
				9F87EB3524E5A4A000938F4A /* Base */,
			);
			name = Main.storyboard;
			sourceTree = "<group>";
		};
		9F87EB3924E5A4A100938F4A /* LaunchScreen.storyboard */ = {
			isa = PBXVariantGroup;
			children = (
				9F87EB3A24E5A4A100938F4A /* Base */,
			);
			name = LaunchScreen.storyboard;
			sourceTree = "<group>";
		};
/* End PBXVariantGroup section */

/* Begin XCBuildConfiguration section */
		9F87EB3F24E5A4A100938F4A /* Debug */ = {
			isa = XCBuildConfiguration;
			buildSettings = {
				ALWAYS_SEARCH_USER_PATHS = NO;
				CLANG_ANALYZER_NONNULL = YES;
				CLANG_ANALYZER_NUMBER_OBJECT_CONVERSION = YES_AGGRESSIVE;
				CLANG_CXX_LANGUAGE_STANDARD = "gnu++14";
				CLANG_CXX_LIBRARY = "libc++";
				CLANG_ENABLE_MODULES = YES;
				CLANG_ENABLE_OBJC_ARC = YES;
				CLANG_ENABLE_OBJC_WEAK = YES;
				CLANG_WARN_BLOCK_CAPTURE_AUTORELEASING = YES;
				CLANG_WARN_BOOL_CONVERSION = YES;
				CLANG_WARN_COMMA = YES;
				CLANG_WARN_CONSTANT_CONVERSION = YES;
				CLANG_WARN_DEPRECATED_OBJC_IMPLEMENTATIONS = YES;
				CLANG_WARN_DIRECT_OBJC_ISA_USAGE = YES_ERROR;
				CLANG_WARN_DOCUMENTATION_COMMENTS = YES;
				CLANG_WARN_EMPTY_BODY = YES;
				CLANG_WARN_ENUM_CONVERSION = YES;
				CLANG_WARN_INFINITE_RECURSION = YES;
				CLANG_WARN_INT_CONVERSION = YES;
				CLANG_WARN_NON_LITERAL_NULL_CONVERSION = YES;
				CLANG_WARN_OBJC_IMPLICIT_RETAIN_SELF = YES;
				CLANG_WARN_OBJC_LITERAL_CONVERSION = YES;
				CLANG_WARN_OBJC_ROOT_CLASS = YES_ERROR;
				CLANG_WARN_RANGE_LOOP_ANALYSIS = YES;
				CLANG_WARN_STRICT_PROTOTYPES = YES;
				CLANG_WARN_SUSPICIOUS_MOVE = YES;
				CLANG_WARN_UNGUARDED_AVAILABILITY = YES_AGGRESSIVE;
				CLANG_WARN_UNREACHABLE_CODE = YES;
				CLANG_WARN__DUPLICATE_METHOD_MATCH = YES;
				COPY_PHASE_STRIP = NO;
				DEBUG_INFORMATION_FORMAT = dwarf;
				ENABLE_STRICT_OBJC_MSGSEND = YES;
				ENABLE_TESTABILITY = YES;
				GCC_C_LANGUAGE_STANDARD = gnu11;
				GCC_DYNAMIC_NO_PIC = NO;
				GCC_NO_COMMON_BLOCKS = YES;
				GCC_OPTIMIZATION_LEVEL = 0;
				GCC_PREPROCESSOR_DEFINITIONS = (
					"DEBUG=1",
					"$(inherited)",
				);
				GCC_WARN_64_TO_32_BIT_CONVERSION = YES;
				GCC_WARN_ABOUT_RETURN_TYPE = YES_ERROR;
				GCC_WARN_UNDECLARED_SELECTOR = YES;
				GCC_WARN_UNINITIALIZED_AUTOS = YES_AGGRESSIVE;
				GCC_WARN_UNUSED_FUNCTION = YES;
				GCC_WARN_UNUSED_VARIABLE = YES;
				IPHONEOS_DEPLOYMENT_TARGET = 13.6;
				MTL_ENABLE_DEBUG_INFO = INCLUDE_SOURCE;
				MTL_FAST_MATH = YES;
				ONLY_ACTIVE_ARCH = YES;
				SDKROOT = iphoneos;
			};
			name = Debug;
		};
		9F87EB4024E5A4A100938F4A /* Release */ = {
			isa = XCBuildConfiguration;
			buildSettings = {
				ALWAYS_SEARCH_USER_PATHS = NO;
				CLANG_ANALYZER_NONNULL = YES;
				CLANG_ANALYZER_NUMBER_OBJECT_CONVERSION = YES_AGGRESSIVE;
				CLANG_CXX_LANGUAGE_STANDARD = "gnu++14";
				CLANG_CXX_LIBRARY = "libc++";
				CLANG_ENABLE_MODULES = YES;
				CLANG_ENABLE_OBJC_ARC = YES;
				CLANG_ENABLE_OBJC_WEAK = YES;
				CLANG_WARN_BLOCK_CAPTURE_AUTORELEASING = YES;
				CLANG_WARN_BOOL_CONVERSION = YES;
				CLANG_WARN_COMMA = YES;
				CLANG_WARN_CONSTANT_CONVERSION = YES;
				CLANG_WARN_DEPRECATED_OBJC_IMPLEMENTATIONS = YES;
				CLANG_WARN_DIRECT_OBJC_ISA_USAGE = YES_ERROR;
				CLANG_WARN_DOCUMENTATION_COMMENTS = YES;
				CLANG_WARN_EMPTY_BODY = YES;
				CLANG_WARN_ENUM_CONVERSION = YES;
				CLANG_WARN_INFINITE_RECURSION = YES;
				CLANG_WARN_INT_CONVERSION = YES;
				CLANG_WARN_NON_LITERAL_NULL_CONVERSION = YES;
				CLANG_WARN_OBJC_IMPLICIT_RETAIN_SELF = YES;
				CLANG_WARN_OBJC_LITERAL_CONVERSION = YES;
				CLANG_WARN_OBJC_ROOT_CLASS = YES_ERROR;
				CLANG_WARN_RANGE_LOOP_ANALYSIS = YES;
				CLANG_WARN_STRICT_PROTOTYPES = YES;
				CLANG_WARN_SUSPICIOUS_MOVE = YES;
				CLANG_WARN_UNGUARDED_AVAILABILITY = YES_AGGRESSIVE;
				CLANG_WARN_UNREACHABLE_CODE = YES;
				CLANG_WARN__DUPLICATE_METHOD_MATCH = YES;
				COPY_PHASE_STRIP = NO;
				DEBUG_INFORMATION_FORMAT = "dwarf-with-dsym";
				ENABLE_NS_ASSERTIONS = NO;
				ENABLE_STRICT_OBJC_MSGSEND = YES;
				GCC_C_LANGUAGE_STANDARD = gnu11;
				GCC_NO_COMMON_BLOCKS = YES;
				GCC_WARN_64_TO_32_BIT_CONVERSION = YES;
				GCC_WARN_ABOUT_RETURN_TYPE = YES_ERROR;
				GCC_WARN_UNDECLARED_SELECTOR = YES;
				GCC_WARN_UNINITIALIZED_AUTOS = YES_AGGRESSIVE;
				GCC_WARN_UNUSED_FUNCTION = YES;
				GCC_WARN_UNUSED_VARIABLE = YES;
				IPHONEOS_DEPLOYMENT_TARGET = 13.6;
				MTL_ENABLE_DEBUG_INFO = NO;
				MTL_FAST_MATH = YES;
				SDKROOT = iphoneos;
				VALIDATE_PRODUCT = YES;
			};
			name = Release;
		};
		9F87EB4224E5A4A100938F4A /* Debug */ = {
			isa = XCBuildConfiguration;
			buildSettings = {
				ASSETCATALOG_COMPILER_APPICON_NAME = AppIcon;
				CLANG_ENABLE_MODULES = YES;
				CODE_SIGN_STYLE = Automatic;
				DEVELOPMENT_TEAM = W526HH7467;
				INFOPLIST_FILE = SwapiOBJC35/Resources/Info.plist;
				LD_RUNPATH_SEARCH_PATHS = (
					"$(inherited)",
					"@executable_path/Frameworks",
				);
				PRODUCT_BUNDLE_IDENTIFIER = iOS35.SwapiOBJC35;
				PRODUCT_NAME = "$(TARGET_NAME)";
				SWIFT_OBJC_BRIDGING_HEADER = "SwapiOBJC35/Controllers/ViewControllers/SwapiOBJC35-Bridging-Header.h";
				SWIFT_OPTIMIZATION_LEVEL = "-Onone";
				SWIFT_VERSION = 5.0;
				TARGETED_DEVICE_FAMILY = "1,2";
			};
			name = Debug;
		};
		9F87EB4324E5A4A100938F4A /* Release */ = {
			isa = XCBuildConfiguration;
			buildSettings = {
				ASSETCATALOG_COMPILER_APPICON_NAME = AppIcon;
				CLANG_ENABLE_MODULES = YES;
				CODE_SIGN_STYLE = Automatic;
				DEVELOPMENT_TEAM = W526HH7467;
				INFOPLIST_FILE = SwapiOBJC35/Resources/Info.plist;
				LD_RUNPATH_SEARCH_PATHS = (
					"$(inherited)",
					"@executable_path/Frameworks",
				);
				PRODUCT_BUNDLE_IDENTIFIER = iOS35.SwapiOBJC35;
				PRODUCT_NAME = "$(TARGET_NAME)";
				SWIFT_OBJC_BRIDGING_HEADER = "SwapiOBJC35/Controllers/ViewControllers/SwapiOBJC35-Bridging-Header.h";
				SWIFT_VERSION = 5.0;
				TARGETED_DEVICE_FAMILY = "1,2";
			};
			name = Release;
		};
/* End XCBuildConfiguration section */

/* Begin XCConfigurationList section */
		9F87EB2324E5A4A000938F4A /* Build configuration list for PBXProject "SwapiOBJC35" */ = {
			isa = XCConfigurationList;
			buildConfigurations = (
				9F87EB3F24E5A4A100938F4A /* Debug */,
				9F87EB4024E5A4A100938F4A /* Release */,
			);
			defaultConfigurationIsVisible = 0;
			defaultConfigurationName = Release;
		};
		9F87EB4124E5A4A100938F4A /* Build configuration list for PBXNativeTarget "SwapiOBJC35" */ = {
			isa = XCConfigurationList;
			buildConfigurations = (
				9F87EB4224E5A4A100938F4A /* Debug */,
				9F87EB4324E5A4A100938F4A /* Release */,
			);
			defaultConfigurationIsVisible = 0;
			defaultConfigurationName = Release;
		};
/* End XCConfigurationList section */
	};
	rootObject = 9F87EB2024E5A4A000938F4A /* Project object */;
}
